lockfileVersion: '9.0'

settings:
  autoInstallPeers: true
  excludeLinksFromLockfile: false

importers:

  .: {}

  packages/adapter-sdk: {}

  packages/harness-adapter:
    dependencies:
      '@aipt/adapter-sdk':
        specifier: workspace:*
        version: link:../adapter-sdk

  packages/model-harness-gateway:
    dependencies:
      '@aipt/harness-adapter':
        specifier: workspace:*
        version: link:../harness-adapter

  packages/web-ui: {}
